// !$*UTF8*$!
{
	archiveVersion = 1;
	classes = {
	};
	objectVersion = 55;
	objects = {

/* Begin PBXBuildFile section */
		913D464B2770E46800ABE7D3 /* realm_template_apps_swiftuiApp.swift in Sources */ = {isa = PBXBuildFile; fileRef = 913D464A2770E46800ABE7D3 /* realm_template_apps_swiftuiApp.swift */; };
		913D464D2770E46800ABE7D3 /* ContentView.swift in Sources */ = {isa = PBXBuildFile; fileRef = 913D464C2770E46800ABE7D3 /* ContentView.swift */; };
		913D464F2770E46A00ABE7D3 /* Assets.xcassets in Resources */ = {isa = PBXBuildFile; fileRef = 913D464E2770E46A00ABE7D3 /* Assets.xcassets */; };
		913D46522770E46A00ABE7D3 /* Preview Assets.xcassets in Resources */ = {isa = PBXBuildFile; fileRef = 913D46512770E46A00ABE7D3 /* Preview Assets.xcassets */; };
		913D465A2770E60D00ABE7D3 /* Realm in Frameworks */ = {isa = PBXBuildFile; productRef = 913D46592770E60D00ABE7D3 /* Realm */; };
		913D465C2770E60D00ABE7D3 /* RealmSwift in Frameworks */ = {isa = PBXBuildFile; productRef = 913D465B2770E60D00ABE7D3 /* RealmSwift */; };
		913D465E2770E7DF00ABE7D3 /* Task.swift in Sources */ = {isa = PBXBuildFile; fileRef = 913D465D2770E7DF00ABE7D3 /* Task.swift */; };
		913D46602770E94500ABE7D3 /* TaskViews.swift in Sources */ = {isa = PBXBuildFile; fileRef = 913D465F2770E94500ABE7D3 /* TaskViews.swift */; };
		913D46622770F0C600ABE7D3 /* RealmViews.swift in Sources */ = {isa = PBXBuildFile; fileRef = 913D46612770F0C600ABE7D3 /* RealmViews.swift */; };
/* End PBXBuildFile section */

/* Begin PBXFileReference section */
		913D46472770E46800ABE7D3 /* realm-template-apps-swiftui.app */ = {isa = PBXFileReference; explicitFileType = wrapper.application; includeInIndex = 0; path = "realm-template-apps-swiftui.app"; sourceTree = BUILT_PRODUCTS_DIR; };
		913D464A2770E46800ABE7D3 /* realm_template_apps_swiftuiApp.swift */ = {isa = PBXFileReference; lastKnownFileType = sourcecode.swift; path = realm_template_apps_swiftuiApp.swift; sourceTree = "<group>"; };
		913D464C2770E46800ABE7D3 /* ContentView.swift */ = {isa = PBXFileReference; lastKnownFileType = sourcecode.swift; path = ContentView.swift; sourceTree = "<group>"; };
		913D464E2770E46A00ABE7D3 /* Assets.xcassets */ = {isa = PBXFileReference; lastKnownFileType = folder.assetcatalog; path = Assets.xcassets; sourceTree = "<group>"; };
		913D46512770E46A00ABE7D3 /* Preview Assets.xcassets */ = {isa = PBXFileReference; lastKnownFileType = folder.assetcatalog; path = "Preview Assets.xcassets"; sourceTree = "<group>"; };
		913D465D2770E7DF00ABE7D3 /* Task.swift */ = {isa = PBXFileReference; lastKnownFileType = sourcecode.swift; path = Task.swift; sourceTree = "<group>"; };
		913D465F2770E94500ABE7D3 /* TaskViews.swift */ = {isa = PBXFileReference; lastKnownFileType = sourcecode.swift; path = TaskViews.swift; sourceTree = "<group>"; };
		913D46612770F0C600ABE7D3 /* RealmViews.swift */ = {isa = PBXFileReference; lastKnownFileType = sourcecode.swift; path = RealmViews.swift; sourceTree = "<group>"; };
/* End PBXFileReference section */

/* Begin PBXFrameworksBuildPhase section */
		913D46442770E46800ABE7D3 /* Frameworks */ = {
			isa = PBXFrameworksBuildPhase;
			buildActionMask = 2147483647;
			files = (
				913D465C2770E60D00ABE7D3 /* RealmSwift in Frameworks */,
				913D465A2770E60D00ABE7D3 /* Realm in Frameworks */,
			);
			runOnlyForDeploymentPostprocessing = 0;
		};
/* End PBXFrameworksBuildPhase section */

/* Begin PBXGroup section */
		913D463E2770E46800ABE7D3 = {
			isa = PBXGroup;
			children = (
				913D46492770E46800ABE7D3 /* realm-template-apps-swiftui */,
				913D46482770E46800ABE7D3 /* Products */,
			);
			sourceTree = "<group>";
		};
		913D46482770E46800ABE7D3 /* Products */ = {
			isa = PBXGroup;
			children = (
				913D46472770E46800ABE7D3 /* realm-template-apps-swiftui.app */,
			);
			name = Products;
			sourceTree = "<group>";
		};
		913D46492770E46800ABE7D3 /* realm-template-apps-swiftui */ = {
			isa = PBXGroup;
			children = (
				913D464A2770E46800ABE7D3 /* realm_template_apps_swiftuiApp.swift */,
				913D464C2770E46800ABE7D3 /* ContentView.swift */,
				913D464E2770E46A00ABE7D3 /* Assets.xcassets */,
				913D46502770E46A00ABE7D3 /* Preview Content */,
				913D465D2770E7DF00ABE7D3 /* Task.swift */,
				913D465F2770E94500ABE7D3 /* TaskViews.swift */,
				913D46612770F0C600ABE7D3 /* RealmViews.swift */,
			);
			path = "realm-template-apps-swiftui";
			sourceTree = "<group>";
		};
		913D46502770E46A00ABE7D3 /* Preview Content */ = {
			isa = PBXGroup;
			children = (
				913D46512770E46A00ABE7D3 /* Preview Assets.xcassets */,
			);
			path = "Preview Content";
			sourceTree = "<group>";
		};
/* End PBXGroup section */

/* Begin PBXNativeTarget section */
		913D46462770E46800ABE7D3 /* realm-template-apps-swiftui */ = {
			isa = PBXNativeTarget;
			buildConfigurationList = 913D46552770E46A00ABE7D3 /* Build configuration list for PBXNativeTarget "realm-template-apps-swiftui" */;
			buildPhases = (
				913D46432770E46800ABE7D3 /* Sources */,
				913D46442770E46800ABE7D3 /* Frameworks */,
				913D46452770E46800ABE7D3 /* Resources */,
			);
			buildRules = (
			);
			dependencies = (
			);
			name = "realm-template-apps-swiftui";
			packageProductDependencies = (
				913D46592770E60D00ABE7D3 /* Realm */,
				913D465B2770E60D00ABE7D3 /* RealmSwift */,
			);
			productName = "realm-template-apps-swiftui";
			productReference = 913D46472770E46800ABE7D3 /* realm-template-apps-swiftui.app */;
			productType = "com.apple.product-type.application";
		};
/* End PBXNativeTarget section */

/* Begin PBXProject section */
		913D463F2770E46800ABE7D3 /* Project object */ = {
			isa = PBXProject;
			attributes = {
				BuildIndependentTargetsInParallel = 1;
				LastSwiftUpdateCheck = 1320;
				LastUpgradeCheck = 1320;
				TargetAttributes = {
					913D46462770E46800ABE7D3 = {
						CreatedOnToolsVersion = 13.2.1;
					};
				};
			};
			buildConfigurationList = 913D46422770E46800ABE7D3 /* Build configuration list for PBXProject "realm-template-apps-swiftui" */;
			compatibilityVersion = "Xcode 13.0";
			developmentRegion = en;
			hasScannedForEncodings = 0;
			knownRegions = (
				en,
				Base,
			);
			mainGroup = 913D463E2770E46800ABE7D3;
			packageReferences = (
				913D46582770E60D00ABE7D3 /* XCRemoteSwiftPackageReference "realm-swift" */,
			);
			productRefGroup = 913D46482770E46800ABE7D3 /* Products */;
			projectDirPath = "";
			projectRoot = "";
			targets = (
				913D46462770E46800ABE7D3 /* realm-template-apps-swiftui */,
			);
		};
/* End PBXProject section */

/* Begin PBXResourcesBuildPhase section */
		913D46452770E46800ABE7D3 /* Resources */ = {
			isa = PBXResourcesBuildPhase;
			buildActionMask = 2147483647;
			files = (
				913D46522770E46A00ABE7D3 /* Preview Assets.xcassets in Resources */,
				913D464F2770E46A00ABE7D3 /* Assets.xcassets in Resources */,
			);
			runOnlyForDeploymentPostprocessing = 0;
		};
/* End PBXResourcesBuildPhase section */

/* Begin PBXSourcesBuildPhase section */
		913D46432770E46800ABE7D3 /* Sources */ = {
			isa = PBXSourcesBuildPhase;
			buildActionMask = 2147483647;
			files = (
				913D46622770F0C600ABE7D3 /* RealmViews.swift in Sources */,
				913D464D2770E46800ABE7D3 /* ContentView.swift in Sources */,
				913D465E2770E7DF00ABE7D3 /* Task.swift in Sources */,
				913D464B2770E46800ABE7D3 /* realm_template_apps_swiftuiApp.swift in Sources */,
				913D46602770E94500ABE7D3 /* TaskViews.swift in Sources */,
			);
			runOnlyForDeploymentPostprocessing = 0;
		};
/* End PBXSourcesBuildPhase section */

/* Begin XCBuildConfiguration section */
		913D46532770E46A00ABE7D3 /* Debug */ = {
			isa = XCBuildConfiguration;
			buildSettings = {
				ALWAYS_SEARCH_USER_PATHS = NO;
				CLANG_ANALYZER_NONNULL = YES;
				CLANG_ANALYZER_NUMBER_OBJECT_CONVERSION = YES_AGGRESSIVE;
				CLANG_CXX_LANGUAGE_STANDARD = "gnu++17";
				CLANG_CXX_LIBRARY = "libc++";
				CLANG_ENABLE_MODULES = YES;
				CLANG_ENABLE_OBJC_ARC = YES;
				CLANG_ENABLE_OBJC_WEAK = YES;
				CLANG_WARN_BLOCK_CAPTURE_AUTORELEASING = YES;
				CLANG_WARN_BOOL_CONVERSION = YES;
				CLANG_WARN_COMMA = YES;
				CLANG_WARN_CONSTANT_CONVERSION = YES;
				CLANG_WARN_DEPRECATED_OBJC_IMPLEMENTATIONS = YES;
				CLANG_WARN_DIRECT_OBJC_ISA_USAGE = YES_ERROR;
				CLANG_WARN_DOCUMENTATION_COMMENTS = YES;
				CLANG_WARN_EMPTY_BODY = YES;
				CLANG_WARN_ENUM_CONVERSION = YES;
				CLANG_WARN_INFINITE_RECURSION = YES;
				CLANG_WARN_INT_CONVERSION = YES;
				CLANG_WARN_NON_LITERAL_NULL_CONVERSION = YES;
				CLANG_WARN_OBJC_IMPLICIT_RETAIN_SELF = YES;
				CLANG_WARN_OBJC_LITERAL_CONVERSION = YES;
				CLANG_WARN_OBJC_ROOT_CLASS = YES_ERROR;
				CLANG_WARN_QUOTED_INCLUDE_IN_FRAMEWORK_HEADER = YES;
				CLANG_WARN_RANGE_LOOP_ANALYSIS = YES;
				CLANG_WARN_STRICT_PROTOTYPES = YES;
				CLANG_WARN_SUSPICIOUS_MOVE = YES;
				CLANG_WARN_UNGUARDED_AVAILABILITY = YES_AGGRESSIVE;
				CLANG_WARN_UNREACHABLE_CODE = YES;
				CLANG_WARN__DUPLICATE_METHOD_MATCH = YES;
				COPY_PHASE_STRIP = NO;
				DEBUG_INFORMATION_FORMAT = dwarf;
				ENABLE_STRICT_OBJC_MSGSEND = YES;
				ENABLE_TESTABILITY = YES;
				GCC_C_LANGUAGE_STANDARD = gnu11;
				GCC_DYNAMIC_NO_PIC = NO;
				GCC_NO_COMMON_BLOCKS = YES;
				GCC_OPTIMIZATION_LEVEL = 0;
				GCC_PREPROCESSOR_DEFINITIONS = (
					"DEBUG=1",
					"$(inherited)",
				);
				GCC_WARN_64_TO_32_BIT_CONVERSION = YES;
				GCC_WARN_ABOUT_RETURN_TYPE = YES_ERROR;
				GCC_WARN_UNDECLARED_SELECTOR = YES;
				GCC_WARN_UNINITIALIZED_AUTOS = YES_AGGRESSIVE;
				GCC_WARN_UNUSED_FUNCTION = YES;
				GCC_WARN_UNUSED_VARIABLE = YES;
				IPHONEOS_DEPLOYMENT_TARGET = 15.2;
				MTL_ENABLE_DEBUG_INFO = INCLUDE_SOURCE;
				MTL_FAST_MATH = YES;
				ONLY_ACTIVE_ARCH = YES;
				SDKROOT = iphoneos;
				SWIFT_ACTIVE_COMPILATION_CONDITIONS = DEBUG;
				SWIFT_OPTIMIZATION_LEVEL = "-Onone";
			};
			name = Debug;
		};
		913D46542770E46A00ABE7D3 /* Release */ = {
			isa = XCBuildConfiguration;
			buildSettings = {
				ALWAYS_SEARCH_USER_PATHS = NO;
				CLANG_ANALYZER_NONNULL = YES;
				CLANG_ANALYZER_NUMBER_OBJECT_CONVERSION = YES_AGGRESSIVE;
				CLANG_CXX_LANGUAGE_STANDARD = "gnu++17";
				CLANG_CXX_LIBRARY = "libc++";
				CLANG_ENABLE_MODULES = YES;
				CLANG_ENABLE_OBJC_ARC = YES;
				CLANG_ENABLE_OBJC_WEAK = YES;
				CLANG_WARN_BLOCK_CAPTURE_AUTORELEASING = YES;
				CLANG_WARN_BOOL_CONVERSION = YES;
				CLANG_WARN_COMMA = YES;
				CLANG_WARN_CONSTANT_CONVERSION = YES;
				CLANG_WARN_DEPRECATED_OBJC_IMPLEMENTATIONS = YES;
				CLANG_WARN_DIRECT_OBJC_ISA_USAGE = YES_ERROR;
				CLANG_WARN_DOCUMENTATION_COMMENTS = YES;
				CLANG_WARN_EMPTY_BODY = YES;
				CLANG_WARN_ENUM_CONVERSION = YES;
				CLANG_WARN_INFINITE_RECURSION = YES;
				CLANG_WARN_INT_CONVERSION = YES;
				CLANG_WARN_NON_LITERAL_NULL_CONVERSION = YES;
				CLANG_WARN_OBJC_IMPLICIT_RETAIN_SELF = YES;
				CLANG_WARN_OBJC_LITERAL_CONVERSION = YES;
				CLANG_WARN_OBJC_ROOT_CLASS = YES_ERROR;
				CLANG_WARN_QUOTED_INCLUDE_IN_FRAMEWORK_HEADER = YES;
				CLANG_WARN_RANGE_LOOP_ANALYSIS = YES;
				CLANG_WARN_STRICT_PROTOTYPES = YES;
				CLANG_WARN_SUSPICIOUS_MOVE = YES;
				CLANG_WARN_UNGUARDED_AVAILABILITY = YES_AGGRESSIVE;
				CLANG_WARN_UNREACHABLE_CODE = YES;
				CLANG_WARN__DUPLICATE_METHOD_MATCH = YES;
				COPY_PHASE_STRIP = NO;
				DEBUG_INFORMATION_FORMAT = "dwarf-with-dsym";
				ENABLE_NS_ASSERTIONS = NO;
				ENABLE_STRICT_OBJC_MSGSEND = YES;
				GCC_C_LANGUAGE_STANDARD = gnu11;
				GCC_NO_COMMON_BLOCKS = YES;
				GCC_WARN_64_TO_32_BIT_CONVERSION = YES;
				GCC_WARN_ABOUT_RETURN_TYPE = YES_ERROR;
				GCC_WARN_UNDECLARED_SELECTOR = YES;
				GCC_WARN_UNINITIALIZED_AUTOS = YES_AGGRESSIVE;
				GCC_WARN_UNUSED_FUNCTION = YES;
				GCC_WARN_UNUSED_VARIABLE = YES;
				IPHONEOS_DEPLOYMENT_TARGET = 15.2;
				MTL_ENABLE_DEBUG_INFO = NO;
				MTL_FAST_MATH = YES;
				SDKROOT = iphoneos;
				SWIFT_COMPILATION_MODE = wholemodule;
				SWIFT_OPTIMIZATION_LEVEL = "-O";
				VALIDATE_PRODUCT = YES;
			};
			name = Release;
		};
		913D46562770E46A00ABE7D3 /* Debug */ = {
			isa = XCBuildConfiguration;
			buildSettings = {
				ASSETCATALOG_COMPILER_APPICON_NAME = AppIcon;
				ASSETCATALOG_COMPILER_GLOBAL_ACCENT_COLOR_NAME = AccentColor;
				CODE_SIGN_STYLE = Automatic;
				CURRENT_PROJECT_VERSION = 1;
				DEVELOPMENT_ASSET_PATHS = "\"realm-template-apps-swiftui/Preview Content\"";
				DEVELOPMENT_TEAM = T7AQ7795G8;
				ENABLE_PREVIEWS = YES;
				GENERATE_INFOPLIST_FILE = YES;
				INFOPLIST_KEY_UIApplicationSceneManifest_Generation = YES;
				INFOPLIST_KEY_UIApplicationSupportsIndirectInputEvents = YES;
				INFOPLIST_KEY_UILaunchScreen_Generation = YES;
				INFOPLIST_KEY_UISupportedInterfaceOrientations_iPad = "UIInterfaceOrientationPortrait UIInterfaceOrientationPortraitUpsideDown UIInterfaceOrientationLandscapeLeft UIInterfaceOrientationLandscapeRight";
				INFOPLIST_KEY_UISupportedInterfaceOrientations_iPhone = "UIInterfaceOrientationPortrait UIInterfaceOrientationLandscapeLeft UIInterfaceOrientationLandscapeRight";
				LD_RUNPATH_SEARCH_PATHS = (
					"$(inherited)",
					"@executable_path/Frameworks",
				);
				MARKETING_VERSION = 1.0;
				PRODUCT_BUNDLE_IDENTIFIER = "com.mongodb.realm-template-apps-swiftui";
				PRODUCT_NAME = "$(TARGET_NAME)";
				SWIFT_EMIT_LOC_STRINGS = YES;
				SWIFT_VERSION = 5.0;
				TARGETED_DEVICE_FAMILY = "1,2";
			};
			name = Debug;
		};
		913D46572770E46A00ABE7D3 /* Release */ = {
			isa = XCBuildConfiguration;
			buildSettings = {
				ASSETCATALOG_COMPILER_APPICON_NAME = AppIcon;
				ASSETCATALOG_COMPILER_GLOBAL_ACCENT_COLOR_NAME = AccentColor;
				CODE_SIGN_STYLE = Automatic;
				CURRENT_PROJECT_VERSION = 1;
				DEVELOPMENT_ASSET_PATHS = "\"realm-template-apps-swiftui/Preview Content\"";
				DEVELOPMENT_TEAM = T7AQ7795G8;
				ENABLE_PREVIEWS = YES;
				GENERATE_INFOPLIST_FILE = YES;
				INFOPLIST_KEY_UIApplicationSceneManifest_Generation = YES;
				INFOPLIST_KEY_UIApplicationSupportsIndirectInputEvents = YES;
				INFOPLIST_KEY_UILaunchScreen_Generation = YES;
				INFOPLIST_KEY_UISupportedInterfaceOrientations_iPad = "UIInterfaceOrientationPortrait UIInterfaceOrientationPortraitUpsideDown UIInterfaceOrientationLandscapeLeft UIInterfaceOrientationLandscapeRight";
				INFOPLIST_KEY_UISupportedInterfaceOrientations_iPhone = "UIInterfaceOrientationPortrait UIInterfaceOrientationLandscapeLeft UIInterfaceOrientationLandscapeRight";
				LD_RUNPATH_SEARCH_PATHS = (
					"$(inherited)",
					"@executable_path/Frameworks",
				);
				MARKETING_VERSION = 1.0;
				PRODUCT_BUNDLE_IDENTIFIER = "com.mongodb.realm-template-apps-swiftui";
				PRODUCT_NAME = "$(TARGET_NAME)";
				SWIFT_EMIT_LOC_STRINGS = YES;
				SWIFT_VERSION = 5.0;
				TARGETED_DEVICE_FAMILY = "1,2";
			};
			name = Release;
		};
/* End XCBuildConfiguration section */

/* Begin XCConfigurationList section */
		913D46422770E46800ABE7D3 /* Build configuration list for PBXProject "realm-template-apps-swiftui" */ = {
			isa = XCConfigurationList;
			buildConfigurations = (
				913D46532770E46A00ABE7D3 /* Debug */,
				913D46542770E46A00ABE7D3 /* Release */,
			);
			defaultConfigurationIsVisible = 0;
			defaultConfigurationName = Release;
		};
		913D46552770E46A00ABE7D3 /* Build configuration list for PBXNativeTarget "realm-template-apps-swiftui" */ = {
			isa = XCConfigurationList;
			buildConfigurations = (
				913D46562770E46A00ABE7D3 /* Debug */,
				913D46572770E46A00ABE7D3 /* Release */,
			);
			defaultConfigurationIsVisible = 0;
			defaultConfigurationName = Release;
		};
/* End XCConfigurationList section */

/* Begin XCRemoteSwiftPackageReference section */
		913D46582770E60D00ABE7D3 /* XCRemoteSwiftPackageReference "realm-swift" */ = {
			isa = XCRemoteSwiftPackageReference;
			repositoryURL = "https://github.com/realm/realm-swift.git";
			requirement = {
				kind = upToNextMajorVersion;
				minimumVersion = 10.20.1;
			};
		};
/* End XCRemoteSwiftPackageReference section */

/* Begin XCSwiftPackageProductDependency section */
		913D46592770E60D00ABE7D3 /* Realm */ = {
			isa = XCSwiftPackageProductDependency;
			package = 913D46582770E60D00ABE7D3 /* XCRemoteSwiftPackageReference "realm-swift" */;
			productName = Realm;
		};
		913D465B2770E60D00ABE7D3 /* RealmSwift */ = {
			isa = XCSwiftPackageProductDependency;
			package = 913D46582770E60D00ABE7D3 /* XCRemoteSwiftPackageReference "realm-swift" */;
			productName = RealmSwift;
		};
/* End XCSwiftPackageProductDependency section */
	};
	rootObject = 913D463F2770E46800ABE7D3 /* Project object */;
}
